
Microsoft Visual Studio Solution File, Format Version 12.00
# Visual Studio 15
VisualStudioVersion = 15.0.27428.2015
MinimumVisualStudioVersion = 10.0.40219.1
Project("{2150E333-8FDC-42A3-9474-1A3956D46DE8}") = "homework1", "homework1", "{4757C56F-2136-45FB-9980-08A5F085AB7F}"
EndProject
Project("{FAE04EC0-301F-11D3-BF4B-00C04F79EFBC}") = "program1", "homework1\program1\program1.csproj", "{C51F259C-16B3-453D-8FC8-BC0E39D4D082}"
EndProject
Project("{FAE04EC0-301F-11D3-BF4B-00C04F79EFBC}") = "program2", "homework1\program2\program2.csproj", "{4D33490A-8F46-480E-8EA8-DC26B7DBF33B}"
EndProject
Project("{2150E333-8FDC-42A3-9474-1A3956D46DE8}") = "homework2", "homework2", "{C37F7F6D-D29C-489D-A7FA-22FE6D87A243}"
EndProject
Project("{FAE04EC0-301F-11D3-BF4B-00C04F79EFBC}") = "program1", "homework2\program1\program1.csproj", "{8AC48627-4570-4862-87E8-786E3261535B}"
EndProject
Project("{FAE04EC0-301F-11D3-BF4B-00C04F79EFBC}") = "program2", "homework2\program2\program2.csproj", "{3D285EC4-8C9D-4800-B494-5EA001697567}"
EndProject
Project("{FAE04EC0-301F-11D3-BF4B-00C04F79EFBC}") = "program3", "homework2\program3\program3.csproj", "{621DC785-6644-4008-9750-25279687A0F6}"
EndProject
Project("{2150E333-8FDC-42A3-9474-1A3956D46DE8}") = "homework3", "homework3", "{37C0C9D9-9BFD-445A-81B4-20AF146154E6}"
EndProject
Project("{FAE04EC0-301F-11D3-BF4B-00C04F79EFBC}") = "program1", "homework3\program1\program1.csproj", "{EA0E0579-80E1-476C-9F23-8A664F176B6D}"
EndProject
Project("{2150E333-8FDC-42A3-9474-1A3956D46DE8}") = "homework4", "homework4", "{40BAE8E8-A3FA-4917-AF3D-FFDB1A4C43E1}"
EndProject
Project("{FAE04EC0-301F-11D3-BF4B-00C04F79EFBC}") = "program1", "homework4\program1\program1.csproj", "{BB22ACB9-EE93-4CC1-9D52-1B876550B2A5}"
EndProject
Project("{FAE04EC0-301F-11D3-BF4B-00C04F79EFBC}") = "program2", "homework4\program2\program2.csproj", "{D93CC331-B8FD-4EFA-BF6B-A7F388F02908}"
EndProject
Global
	GlobalSection(SolutionConfigurationPlatforms) = preSolution
		Debug|Any CPU = Debug|Any CPU
		Release|Any CPU = Release|Any CPU
	EndGlobalSection
	GlobalSection(ProjectConfigurationPlatforms) = postSolution
		{C51F259C-16B3-453D-8FC8-BC0E39D4D082}.Debug|Any CPU.ActiveCfg = Debug|Any CPU
		{C51F259C-16B3-453D-8FC8-BC0E39D4D082}.Debug|Any CPU.Build.0 = Debug|Any CPU
		{C51F259C-16B3-453D-8FC8-BC0E39D4D082}.Release|Any CPU.ActiveCfg = Release|Any CPU
		{C51F259C-16B3-453D-8FC8-BC0E39D4D082}.Release|Any CPU.Build.0 = Release|Any CPU
		{4D33490A-8F46-480E-8EA8-DC26B7DBF33B}.Debug|Any CPU.ActiveCfg = Debug|Any CPU
		{4D33490A-8F46-480E-8EA8-DC26B7DBF33B}.Debug|Any CPU.Build.0 = Debug|Any CPU
		{4D33490A-8F46-480E-8EA8-DC26B7DBF33B}.Release|Any CPU.ActiveCfg = Release|Any CPU
		{4D33490A-8F46-480E-8EA8-DC26B7DBF33B}.Release|Any CPU.Build.0 = Release|Any CPU
		{8AC48627-4570-4862-87E8-786E3261535B}.Debug|Any CPU.ActiveCfg = Debug|Any CPU
		{8AC48627-4570-4862-87E8-786E3261535B}.Debug|Any CPU.Build.0 = Debug|Any CPU
		{8AC48627-4570-4862-87E8-786E3261535B}.Release|Any CPU.ActiveCfg = Release|Any CPU
		{8AC48627-4570-4862-87E8-786E3261535B}.Release|Any CPU.Build.0 = Release|Any CPU
		{3D285EC4-8C9D-4800-B494-5EA001697567}.Debug|Any CPU.ActiveCfg = Debug|Any CPU
		{3D285EC4-8C9D-4800-B494-5EA001697567}.Debug|Any CPU.Build.0 = Debug|Any CPU
		{3D285EC4-8C9D-4800-B494-5EA001697567}.Release|Any CPU.ActiveCfg = Release|Any CPU
		{3D285EC4-8C9D-4800-B494-5EA001697567}.Release|Any CPU.Build.0 = Release|Any CPU
		{621DC785-6644-4008-9750-25279687A0F6}.Debug|Any CPU.ActiveCfg = Debug|Any CPU
		{621DC785-6644-4008-9750-25279687A0F6}.Debug|Any CPU.Build.0 = Debug|Any CPU
		{621DC785-6644-4008-9750-25279687A0F6}.Release|Any CPU.ActiveCfg = Release|Any CPU
		{621DC785-6644-4008-9750-25279687A0F6}.Release|Any CPU.Build.0 = Release|Any CPU
		{EA0E0579-80E1-476C-9F23-8A664F176B6D}.Debug|Any CPU.ActiveCfg = Debug|Any CPU
		{EA0E0579-80E1-476C-9F23-8A664F176B6D}.Debug|Any CPU.Build.0 = Debug|Any CPU
		{EA0E0579-80E1-476C-9F23-8A664F176B6D}.Release|Any CPU.ActiveCfg = Release|Any CPU
		{EA0E0579-80E1-476C-9F23-8A664F176B6D}.Release|Any CPU.Build.0 = Release|Any CPU
		{BB22ACB9-EE93-4CC1-9D52-1B876550B2A5}.Debug|Any CPU.ActiveCfg = Debug|Any CPU
		{BB22ACB9-EE93-4CC1-9D52-1B876550B2A5}.Debug|Any CPU.Build.0 = Debug|Any CPU
		{BB22ACB9-EE93-4CC1-9D52-1B876550B2A5}.Release|Any CPU.ActiveCfg = Release|Any CPU
		{BB22ACB9-EE93-4CC1-9D52-1B876550B2A5}.Release|Any CPU.Build.0 = Release|Any CPU
		{D93CC331-B8FD-4EFA-BF6B-A7F388F02908}.Debug|Any CPU.ActiveCfg = Debug|Any CPU
		{D93CC331-B8FD-4EFA-BF6B-A7F388F02908}.Debug|Any CPU.Build.0 = Debug|Any CPU
		{D93CC331-B8FD-4EFA-BF6B-A7F388F02908}.Release|Any CPU.ActiveCfg = Release|Any CPU
		{D93CC331-B8FD-4EFA-BF6B-A7F388F02908}.Release|Any CPU.Build.0 = Release|Any CPU
	EndGlobalSection
	GlobalSection(SolutionProperties) = preSolution
		HideSolutionNode = FALSE
	EndGlobalSection
	GlobalSection(NestedProjects) = preSolution
		{C51F259C-16B3-453D-8FC8-BC0E39D4D082} = {4757C56F-2136-45FB-9980-08A5F085AB7F}
		{4D33490A-8F46-480E-8EA8-DC26B7DBF33B} = {4757C56F-2136-45FB-9980-08A5F085AB7F}
		{8AC48627-4570-4862-87E8-786E3261535B} = {C37F7F6D-D29C-489D-A7FA-22FE6D87A243}
		{3D285EC4-8C9D-4800-B494-5EA001697567} = {C37F7F6D-D29C-489D-A7FA-22FE6D87A243}
		{621DC785-6644-4008-9750-25279687A0F6} = {C37F7F6D-D29C-489D-A7FA-22FE6D87A243}
		{EA0E0579-80E1-476C-9F23-8A664F176B6D} = {37C0C9D9-9BFD-445A-81B4-20AF146154E6}
		{BB22ACB9-EE93-4CC1-9D52-1B876550B2A5} = {40BAE8E8-A3FA-4917-AF3D-FFDB1A4C43E1}
		{D93CC331-B8FD-4EFA-BF6B-A7F388F02908} = {40BAE8E8-A3FA-4917-AF3D-FFDB1A4C43E1}
	EndGlobalSection
	GlobalSection(ExtensibilityGlobals) = postSolution
		SolutionGuid = {000DB594-DD33-4BB0-8DD1-B55E99ADF425}
	EndGlobalSection
EndGlobal
